
Microsoft Visual Studio Solution File, Format Version 12.00
# Visual Studio 15
VisualStudioVersion = 15.0.27703.2026
MinimumVisualStudioVersion = 10.0.40219.1
Project("{FAE04EC0-301F-11D3-BF4B-00C04F79EFBC}") = "ForumTest", "ForumTest\ForumTest.csproj", "{FA07E7C6-1914-4620-98E2-267F48C7258A}"
EndProject
Global
	GlobalSection(SolutionConfigurationPlatforms) = preSolution
		Debug|Any CPU = Debug|Any CPU
		Release|Any CPU = Release|Any CPU
	EndGlobalSection
	GlobalSection(ProjectConfigurationPlatforms) = postSolution
		{FA07E7C6-1914-4620-98E2-267F48C7258A}.Debug|Any CPU.ActiveCfg = Debug|Any CPU
		{FA07E7C6-1914-4620-98E2-267F48C7258A}.Debug|Any CPU.Build.0 = Debug|Any CPU
		{FA07E7C6-1914-4620-98E2-267F48C7258A}.Release|Any CPU.ActiveCfg = Release|Any CPU
		{FA07E7C6-1914-4620-98E2-267F48C7258A}.Release|Any CPU.Build.0 = Release|Any CPU
	EndGlobalSection
	GlobalSection(SolutionProperties) = preSolution
		HideSolutionNode = FALSE
	EndGlobalSection
	GlobalSection(ExtensibilityGlobals) = postSolution
		SolutionGuid = {1EACED61-02F3-4019-AE25-75362D07D0F8}
	EndGlobalSection
EndGlobal
