
Microsoft Visual Studio Solution File, Format Version 12.00
# Visual Studio 15
VisualStudioVersion = 15.0.27703.2026
MinimumVisualStudioVersion = 10.0.40219.1
Project("{E24C65DC-7377-472B-9ABA-BC803B73C61A}") = "FYP_Sample", "FYP_Sample\", "{B891F3FB-4DD1-46BD-B483-B59E9C966500}"
	ProjectSection(WebsiteProperties) = preProject
		TargetFrameworkMoniker = ".NETFramework,Version%3Dv4.6.1"
		Debug.AspNetCompiler.VirtualPath = "/localhost_7724"
		Debug.AspNetCompiler.PhysicalPath = "FYP_Sample\"
		Debug.AspNetCompiler.TargetPath = "PrecompiledWeb\localhost_7724\"
		Debug.AspNetCompiler.Updateable = "true"
		Debug.AspNetCompiler.ForceOverwrite = "true"
		Debug.AspNetCompiler.FixedNames = "false"
		Debug.AspNetCompiler.Debug = "True"
		Release.AspNetCompiler.VirtualPath = "/localhost_7724"
		Release.AspNetCompiler.PhysicalPath = "FYP_Sample\"
		Release.AspNetCompiler.TargetPath = "PrecompiledWeb\localhost_7724\"
		Release.AspNetCompiler.Updateable = "true"
		Release.AspNetCompiler.ForceOverwrite = "true"
		Release.AspNetCompiler.FixedNames = "false"
		Release.AspNetCompiler.Debug = "False"
		VWDPort = "7724"
		SlnRelativePath = "FYP_Sample\"
		DefaultWebSiteLanguage = "Visual C#"
	EndProjectSection
EndProject
Global
	GlobalSection(SolutionConfigurationPlatforms) = preSolution
		Debug|Any CPU = Debug|Any CPU
	EndGlobalSection
	GlobalSection(ProjectConfigurationPlatforms) = postSolution
		{B891F3FB-4DD1-46BD-B483-B59E9C966500}.Debug|Any CPU.ActiveCfg = Debug|Any CPU
		{B891F3FB-4DD1-46BD-B483-B59E9C966500}.Debug|Any CPU.Build.0 = Debug|Any CPU
	EndGlobalSection
	GlobalSection(SolutionProperties) = preSolution
		HideSolutionNode = FALSE
	EndGlobalSection
	GlobalSection(ExtensibilityGlobals) = postSolution
		SolutionGuid = {BEE5FA7E-1FFF-4AA8-81B7-0FF766E5DFD5}
	EndGlobalSection
EndGlobal
